// !$*UTF8*$!
{
	archiveVersion = 1;
	classes = {
	};
	objectVersion = 50;
	objects = {

/* Begin PBXBuildFile section */
		C735F14A2AFEDA1700450948 /* incomeActivity.png in Resources */ = {isa = PBXBuildFile; fileRef = C735F1462AFEDA1700450948 /* incomeActivity.png */; };
		C735F14B2AFEDA1700450948 /* addCardActivity.png in Resources */ = {isa = PBXBuildFile; fileRef = C735F1472AFEDA1700450948 /* addCardActivity.png */; };
		C735F14C2AFEDA1700450948 /* expenseActivity.png in Resources */ = {isa = PBXBuildFile; fileRef = C735F1482AFEDA1700450948 /* expenseActivity.png */; };
		C735F14D2AFEDA1700450948 /* statisticsActivity.png in Resources */ = {isa = PBXBuildFile; fileRef = C735F1492AFEDA1700450948 /* statisticsActivity.png */; };
		C735F14F2AFEDA3100450948 /* conditionDiagramm.png in Resources */ = {isa = PBXBuildFile; fileRef = C735F14E2AFEDA3100450948 /* conditionDiagramm.png */; };
		C735F1512AFEDA3E00450948 /* usecase.png in Resources */ = {isa = PBXBuildFile; fileRef = C735F1502AFEDA3E00450948 /* usecase.png */; };
		C735F1532AFEDABC00450948 /* classDiagram.png in Resources */ = {isa = PBXBuildFile; fileRef = C735F1522AFEDABC00450948 /* classDiagram.png */; };
		C735F1552AFEDADC00450948 /* useVariantsDiagram.puml in Resources */ = {isa = PBXBuildFile; fileRef = C735F1542AFEDADC00450948 /* useVariantsDiagram.puml */; };
		C735F1572AFEDB0E00450948 /* usecase.png in Resources */ = {isa = PBXBuildFile; fileRef = C735F1562AFEDB0E00450948 /* usecase.png */; };
		C735F1592AFEDB2500450948 /* conditionDiagram.puml in Resources */ = {isa = PBXBuildFile; fileRef = C735F1582AFEDB2500450948 /* conditionDiagram.puml */; };
		C735F15B2AFEDB3500450948 /* conditionDiagramm.png in Resources */ = {isa = PBXBuildFile; fileRef = C735F15A2AFEDB3500450948 /* conditionDiagramm.png */; };
		C735F1602AFEDB4000450948 /* expenseActivity.puml in Resources */ = {isa = PBXBuildFile; fileRef = C735F15C2AFEDB4000450948 /* expenseActivity.puml */; };
		C735F1612AFEDB4000450948 /* statisticsActivity.puml in Resources */ = {isa = PBXBuildFile; fileRef = C735F15D2AFEDB4000450948 /* statisticsActivity.puml */; };
		C735F1622AFEDB4000450948 /* addCardActivity.puml in Resources */ = {isa = PBXBuildFile; fileRef = C735F15E2AFEDB4000450948 /* addCardActivity.puml */; };
		C735F1632AFEDB4000450948 /* incomeActivity.puml in Resources */ = {isa = PBXBuildFile; fileRef = C735F15F2AFEDB4000450948 /* incomeActivity.puml */; };
		C735F1682AFEDB4C00450948 /* expenseActivity.png in Resources */ = {isa = PBXBuildFile; fileRef = C735F1642AFEDB4C00450948 /* expenseActivity.png */; };
		C735F1692AFEDB4C00450948 /* statisticsActivity.png in Resources */ = {isa = PBXBuildFile; fileRef = C735F1652AFEDB4C00450948 /* statisticsActivity.png */; };
		C735F16A2AFEDB4C00450948 /* addCardActivity.png in Resources */ = {isa = PBXBuildFile; fileRef = C735F1662AFEDB4C00450948 /* addCardActivity.png */; };
		C735F16B2AFEDB4C00450948 /* incomeActivity.png in Resources */ = {isa = PBXBuildFile; fileRef = C735F1672AFEDB4C00450948 /* incomeActivity.png */; };
		C735F16D2AFEDB6800450948 /* components.puml in Resources */ = {isa = PBXBuildFile; fileRef = C735F16C2AFEDB6800450948 /* components.puml */; };
		C735F16F2AFEDB9700450948 /* components.png in Resources */ = {isa = PBXBuildFile; fileRef = C735F16E2AFEDB9700450948 /* components.png */; };
		C735F1712AFEDCB100450948 /* prprpr.swift in Sources */ = {isa = PBXBuildFile; fileRef = C735F1702AFEDCB100450948 /* prprpr.swift */; };
		C774539E2AEBEE2C0095EF4B /* LockScreen-1.png in Resources */ = {isa = PBXBuildFile; fileRef = C774539D2AEBEE2C0095EF4B /* LockScreen-1.png */; };
		C78DD45C2AEEC4CB00DE58B8 /* WalletyUITests.swift in Sources */ = {isa = PBXBuildFile; fileRef = C78DD45B2AEEC4CB00DE58B8 /* WalletyUITests.swift */; };
		C78DD46A2AEEC4EB00DE58B8 /* WalletyTests.swift in Sources */ = {isa = PBXBuildFile; fileRef = C78DD4692AEEC4EB00DE58B8 /* WalletyTests.swift */; };
		C7E512122AEB1A4800140B1E /* WalletyApp.swift in Sources */ = {isa = PBXBuildFile; fileRef = C7E512112AEB1A4800140B1E /* WalletyApp.swift */; };
		C7E512142AEB1A4800140B1E /* ContentView.swift in Sources */ = {isa = PBXBuildFile; fileRef = C7E512132AEB1A4800140B1E /* ContentView.swift */; };
		C7E512162AEB1A4D00140B1E /* Assets.xcassets in Resources */ = {isa = PBXBuildFile; fileRef = C7E512152AEB1A4D00140B1E /* Assets.xcassets */; };
		C7E512192AEB1A4D00140B1E /* Preview Assets.xcassets in Resources */ = {isa = PBXBuildFile; fileRef = C7E512182AEB1A4D00140B1E /* Preview Assets.xcassets */; };
		C7E512222AEB2F8300140B1E /* ChangeBalance.png in Resources */ = {isa = PBXBuildFile; fileRef = C7E512212AEB2F8300140B1E /* ChangeBalance.png */; };
		C7E5122C2AEB2FAE00140B1E /* LockScreen.png in Resources */ = {isa = PBXBuildFile; fileRef = C7E512242AEB2FAD00140B1E /* LockScreen.png */; };
		C7E5122D2AEB2FAE00140B1E /* SettingsScreen.png in Resources */ = {isa = PBXBuildFile; fileRef = C7E512252AEB2FAD00140B1E /* SettingsScreen.png */; };
		C7E5122E2AEB2FAE00140B1E /* LockScreen-2.png in Resources */ = {isa = PBXBuildFile; fileRef = C7E512262AEB2FAD00140B1E /* LockScreen-2.png */; };
		C7E5122F2AEB2FAE00140B1E /* DiagramScreen.png in Resources */ = {isa = PBXBuildFile; fileRef = C7E512272AEB2FAD00140B1E /* DiagramScreen.png */; };
		C7E512302AEB2FAE00140B1E /* CategoriesScreen.png in Resources */ = {isa = PBXBuildFile; fileRef = C7E512282AEB2FAD00140B1E /* CategoriesScreen.png */; };
		C7E512312AEB2FAE00140B1E /* HomeScreen.png in Resources */ = {isa = PBXBuildFile; fileRef = C7E512292AEB2FAE00140B1E /* HomeScreen.png */; };
		C7E512322AEB2FAE00140B1E /* HomeScreen-1.png in Resources */ = {isa = PBXBuildFile; fileRef = C7E5122A2AEB2FAE00140B1E /* HomeScreen-1.png */; };
/* End PBXBuildFile section */

/* Begin PBXContainerItemProxy section */
		C78DD45E2AEEC4CB00DE58B8 /* PBXContainerItemProxy */ = {
			isa = PBXContainerItemProxy;
			containerPortal = C7E512062AEB1A4700140B1E /* Project object */;
			proxyType = 1;
			remoteGlobalIDString = C7E5120D2AEB1A4800140B1E;
			remoteInfo = Wallety;
		};
		C78DD46C2AEEC4EB00DE58B8 /* PBXContainerItemProxy */ = {
			isa = PBXContainerItemProxy;
			containerPortal = C7E512062AEB1A4700140B1E /* Project object */;
			proxyType = 1;
			remoteGlobalIDString = C7E5120D2AEB1A4800140B1E;
			remoteInfo = Wallety;
		};
/* End PBXContainerItemProxy section */

/* Begin PBXFileReference section */
		C735F1462AFEDA1700450948 /* incomeActivity.png */ = {isa = PBXFileReference; lastKnownFileType = image.png; name = incomeActivity.png; path = "../../../../../Downloads/diagrams copy/activs png/incomeActivity.png"; sourceTree = "<group>"; };
		C735F1472AFEDA1700450948 /* addCardActivity.png */ = {isa = PBXFileReference; lastKnownFileType = image.png; name = addCardActivity.png; path = "../../../../../Downloads/diagrams copy/activs png/addCardActivity.png"; sourceTree = "<group>"; };
		C735F1482AFEDA1700450948 /* expenseActivity.png */ = {isa = PBXFileReference; lastKnownFileType = image.png; name = expenseActivity.png; path = "../../../../../Downloads/diagrams copy/activs png/expenseActivity.png"; sourceTree = "<group>"; };
		C735F1492AFEDA1700450948 /* statisticsActivity.png */ = {isa = PBXFileReference; lastKnownFileType = image.png; name = statisticsActivity.png; path = "../../../../../Downloads/diagrams copy/activs png/statisticsActivity.png"; sourceTree = "<group>"; };
		C735F14E2AFEDA3100450948 /* conditionDiagramm.png */ = {isa = PBXFileReference; lastKnownFileType = image.png; name = conditionDiagramm.png; path = "../../../../../Downloads/diagrams copy/stat/conditionDiagramm.png"; sourceTree = "<group>"; };
		C735F1502AFEDA3E00450948 /* usecase.png */ = {isa = PBXFileReference; lastKnownFileType = image.png; name = usecase.png; path = "../../../../../Downloads/diagrams copy/юзкейс/usecase.png"; sourceTree = "<group>"; };
		C735F1522AFEDABC00450948 /* classDiagram.png */ = {isa = PBXFileReference; lastKnownFileType = image.png; name = classDiagram.png; path = "../../../../../Downloads/diagrams copy/classDiagram.png"; sourceTree = "<group>"; };
		C735F1542AFEDADC00450948 /* useVariantsDiagram.puml */ = {isa = PBXFileReference; fileEncoding = 4; lastKnownFileType = text; name = useVariantsDiagram.puml; path = "../../../../../../Downloads/diagrams copy/plantuml/useVariantsDiagram.puml"; sourceTree = "<group>"; };
		C735F1562AFEDB0E00450948 /* usecase.png */ = {isa = PBXFileReference; lastKnownFileType = image.png; name = usecase.png; path = "../../../../../../../Downloads/diagrams copy 2/юзкейс/usecase.png"; sourceTree = "<group>"; };
		C735F1582AFEDB2500450948 /* conditionDiagram.puml */ = {isa = PBXFileReference; fileEncoding = 4; lastKnownFileType = text; name = conditionDiagram.puml; path = "../../../../../../Downloads/diagrams copy 2/stat/conditionDiagram.puml"; sourceTree = "<group>"; };
		C735F15A2AFEDB3500450948 /* conditionDiagramm.png */ = {isa = PBXFileReference; lastKnownFileType = image.png; name = conditionDiagramm.png; path = "../../../../../../../Downloads/diagrams copy 2/stat/conditionDiagramm.png"; sourceTree = "<group>"; };
		C735F15C2AFEDB4000450948 /* expenseActivity.puml */ = {isa = PBXFileReference; fileEncoding = 4; lastKnownFileType = text; name = expenseActivity.puml; path = "../../../../../../Downloads/diagrams copy 2/activs/expenseActivity.puml"; sourceTree = "<group>"; };
		C735F15D2AFEDB4000450948 /* statisticsActivity.puml */ = {isa = PBXFileReference; fileEncoding = 4; lastKnownFileType = text; name = statisticsActivity.puml; path = "../../../../../../Downloads/diagrams copy 2/activs/statisticsActivity.puml"; sourceTree = "<group>"; };
		C735F15E2AFEDB4000450948 /* addCardActivity.puml */ = {isa = PBXFileReference; fileEncoding = 4; lastKnownFileType = text; name = addCardActivity.puml; path = "../../../../../../Downloads/diagrams copy 2/activs/addCardActivity.puml"; sourceTree = "<group>"; };
		C735F15F2AFEDB4000450948 /* incomeActivity.puml */ = {isa = PBXFileReference; fileEncoding = 4; lastKnownFileType = text; name = incomeActivity.puml; path = "../../../../../../Downloads/diagrams copy 2/activs/incomeActivity.puml"; sourceTree = "<group>"; };
		C735F1642AFEDB4C00450948 /* expenseActivity.png */ = {isa = PBXFileReference; lastKnownFileType = image.png; name = expenseActivity.png; path = "../../../../../../../Downloads/diagrams copy 2/activs png/expenseActivity.png"; sourceTree = "<group>"; };
		C735F1652AFEDB4C00450948 /* statisticsActivity.png */ = {isa = PBXFileReference; lastKnownFileType = image.png; name = statisticsActivity.png; path = "../../../../../../../Downloads/diagrams copy 2/activs png/statisticsActivity.png"; sourceTree = "<group>"; };
		C735F1662AFEDB4C00450948 /* addCardActivity.png */ = {isa = PBXFileReference; lastKnownFileType = image.png; name = addCardActivity.png; path = "../../../../../../../Downloads/diagrams copy 2/activs png/addCardActivity.png"; sourceTree = "<group>"; };
		C735F1672AFEDB4C00450948 /* incomeActivity.png */ = {isa = PBXFileReference; lastKnownFileType = image.png; name = incomeActivity.png; path = "../../../../../../../Downloads/diagrams copy 2/activs png/incomeActivity.png"; sourceTree = "<group>"; };
		C735F16C2AFEDB6800450948 /* components.puml */ = {isa = PBXFileReference; fileEncoding = 4; lastKnownFileType = text; name = components.puml; path = "../../../../../../Downloads/diagrams copy 2/plantuml/components.puml"; sourceTree = "<group>"; };
		C735F16E2AFEDB9700450948 /* components.png */ = {isa = PBXFileReference; lastKnownFileType = image.png; name = components.png; path = "../../../../../../../Downloads/diagrams copy 2/components.png"; sourceTree = "<group>"; };
		C735F1702AFEDCB100450948 /* prprpr.swift */ = {isa = PBXFileReference; lastKnownFileType = sourcecode.swift; path = prprpr.swift; sourceTree = "<group>"; };
		C774539D2AEBEE2C0095EF4B /* LockScreen-1.png */ = {isa = PBXFileReference; lastKnownFileType = image.png; path = "LockScreen-1.png"; sourceTree = "<group>"; };
		C78DD4592AEEC4CA00DE58B8 /* WalletyUITests.xctest */ = {isa = PBXFileReference; explicitFileType = wrapper.cfbundle; includeInIndex = 0; path = WalletyUITests.xctest; sourceTree = BUILT_PRODUCTS_DIR; };
		C78DD45B2AEEC4CB00DE58B8 /* WalletyUITests.swift */ = {isa = PBXFileReference; lastKnownFileType = sourcecode.swift; path = WalletyUITests.swift; sourceTree = "<group>"; };
		C78DD45D2AEEC4CB00DE58B8 /* Info.plist */ = {isa = PBXFileReference; lastKnownFileType = text.plist.xml; path = Info.plist; sourceTree = "<group>"; };
		C78DD4672AEEC4EB00DE58B8 /* WalletyTests.xctest */ = {isa = PBXFileReference; explicitFileType = wrapper.cfbundle; includeInIndex = 0; path = WalletyTests.xctest; sourceTree = BUILT_PRODUCTS_DIR; };
		C78DD4692AEEC4EB00DE58B8 /* WalletyTests.swift */ = {isa = PBXFileReference; lastKnownFileType = sourcecode.swift; path = WalletyTests.swift; sourceTree = "<group>"; };
		C78DD46B2AEEC4EB00DE58B8 /* Info.plist */ = {isa = PBXFileReference; lastKnownFileType = text.plist.xml; path = Info.plist; sourceTree = "<group>"; };
		C7CCDED42AFE791400D25AE0 /* README.md */ = {isa = PBXFileReference; lastKnownFileType = net.daringfireball.markdown; path = README.md; sourceTree = "<group>"; };
		C7E5120E2AEB1A4800140B1E /* Wallety.app */ = {isa = PBXFileReference; explicitFileType = wrapper.application; includeInIndex = 0; path = Wallety.app; sourceTree = BUILT_PRODUCTS_DIR; };
		C7E512112AEB1A4800140B1E /* WalletyApp.swift */ = {isa = PBXFileReference; lastKnownFileType = sourcecode.swift; path = WalletyApp.swift; sourceTree = "<group>"; };
		C7E512132AEB1A4800140B1E /* ContentView.swift */ = {isa = PBXFileReference; lastKnownFileType = sourcecode.swift; path = ContentView.swift; sourceTree = "<group>"; };
		C7E512152AEB1A4D00140B1E /* Assets.xcassets */ = {isa = PBXFileReference; lastKnownFileType = folder.assetcatalog; path = Assets.xcassets; sourceTree = "<group>"; };
		C7E512182AEB1A4D00140B1E /* Preview Assets.xcassets */ = {isa = PBXFileReference; lastKnownFileType = folder.assetcatalog; path = "Preview Assets.xcassets"; sourceTree = "<group>"; };
		C7E5121A2AEB1A4D00140B1E /* Info.plist */ = {isa = PBXFileReference; lastKnownFileType = text.plist.xml; path = Info.plist; sourceTree = "<group>"; };
		C7E512212AEB2F8300140B1E /* ChangeBalance.png */ = {isa = PBXFileReference; lastKnownFileType = image.png; path = ChangeBalance.png; sourceTree = "<group>"; };
		C7E512242AEB2FAD00140B1E /* LockScreen.png */ = {isa = PBXFileReference; lastKnownFileType = image.png; path = LockScreen.png; sourceTree = "<group>"; };
		C7E512252AEB2FAD00140B1E /* SettingsScreen.png */ = {isa = PBXFileReference; lastKnownFileType = image.png; path = SettingsScreen.png; sourceTree = "<group>"; };
		C7E512262AEB2FAD00140B1E /* LockScreen-2.png */ = {isa = PBXFileReference; lastKnownFileType = image.png; path = "LockScreen-2.png"; sourceTree = "<group>"; };
		C7E512272AEB2FAD00140B1E /* DiagramScreen.png */ = {isa = PBXFileReference; lastKnownFileType = image.png; path = DiagramScreen.png; sourceTree = "<group>"; };
		C7E512282AEB2FAD00140B1E /* CategoriesScreen.png */ = {isa = PBXFileReference; lastKnownFileType = image.png; path = CategoriesScreen.png; sourceTree = "<group>"; };
		C7E512292AEB2FAE00140B1E /* HomeScreen.png */ = {isa = PBXFileReference; lastKnownFileType = image.png; path = HomeScreen.png; sourceTree = "<group>"; };
		C7E5122A2AEB2FAE00140B1E /* HomeScreen-1.png */ = {isa = PBXFileReference; lastKnownFileType = image.png; path = "HomeScreen-1.png"; sourceTree = "<group>"; };
/* End PBXFileReference section */

/* Begin PBXFrameworksBuildPhase section */
		C78DD4562AEEC4CA00DE58B8 /* Frameworks */ = {
			isa = PBXFrameworksBuildPhase;
			buildActionMask = 2147483647;
			files = (
			);
			runOnlyForDeploymentPostprocessing = 0;
		};
		C78DD4642AEEC4EB00DE58B8 /* Frameworks */ = {
			isa = PBXFrameworksBuildPhase;
			buildActionMask = 2147483647;
			files = (
			);
			runOnlyForDeploymentPostprocessing = 0;
		};
		C7E5120B2AEB1A4800140B1E /* Frameworks */ = {
			isa = PBXFrameworksBuildPhase;
			buildActionMask = 2147483647;
			files = (
			);
			runOnlyForDeploymentPostprocessing = 0;
		};
/* End PBXFrameworksBuildPhase section */

/* Begin PBXGroup section */
		C78DD45A2AEEC4CB00DE58B8 /* WalletyUITests */ = {
			isa = PBXGroup;
			children = (
				C78DD45B2AEEC4CB00DE58B8 /* WalletyUITests.swift */,
				C78DD45D2AEEC4CB00DE58B8 /* Info.plist */,
			);
			path = WalletyUITests;
			sourceTree = "<group>";
		};
		C78DD4682AEEC4EB00DE58B8 /* WalletyTests */ = {
			isa = PBXGroup;
			children = (
				C78DD4692AEEC4EB00DE58B8 /* WalletyTests.swift */,
				C78DD46B2AEEC4EB00DE58B8 /* Info.plist */,
			);
			path = WalletyTests;
			sourceTree = "<group>";
		};
		C78DD4712AEEC53500DE58B8 /* Font */ = {
			isa = PBXGroup;
			children = (
			);
			path = Font;
			sourceTree = "<group>";
		};
		C78DD4722AEEC55C00DE58B8 /* View */ = {
			isa = PBXGroup;
			children = (
				C78DD4792AEEC61000DE58B8 /* MainTab */,
				C78DD4782AEEC60000DE58B8 /* Home */,
				C78DD4772AEEC5F900DE58B8 /* Login */,
			);
			path = View;
			sourceTree = "<group>";
		};
		C78DD4732AEEC58100DE58B8 /* ViewModel */ = {
			isa = PBXGroup;
			children = (
			);
			name = ViewModel;
			sourceTree = "<group>";
		};
		C78DD4742AEEC5AD00DE58B8 /* Model */ = {
			isa = PBXGroup;
			children = (
			);
			path = Model;
			sourceTree = "<group>";
		};
		C78DD4752AEEC5B400DE58B8 /* Common */ = {
			isa = PBXGroup;
			children = (
			);
			path = Common;
			sourceTree = "<group>";
		};
		C78DD4762AEEC5C300DE58B8 /* UICommon */ = {
			isa = PBXGroup;
			children = (
			);
			path = UICommon;
			sourceTree = "<group>";
		};
		C78DD4772AEEC5F900DE58B8 /* Login */ = {
			isa = PBXGroup;
			children = (
			);
			path = Login;
			sourceTree = "<group>";
		};
		C78DD4782AEEC60000DE58B8 /* Home */ = {
			isa = PBXGroup;
			children = (
			);
			path = Home;
			sourceTree = "<group>";
		};
		C78DD4792AEEC61000DE58B8 /* MainTab */ = {
			isa = PBXGroup;
			children = (
			);
			path = MainTab;
			sourceTree = "<group>";
		};
		C7CCDECE2AFE63E100D25AE0 /* documentation */ = {
			isa = PBXGroup;
			children = (
				C7CCDED32AFE78F100D25AE0 /* requirements */,
				C7CCDED22AFE78E900D25AE0 /* digrams */,
			);
			path = documentation;
			sourceTree = "<group>";
		};
		C7CCDED22AFE78E900D25AE0 /* digrams */ = {
			isa = PBXGroup;
			children = (
				C7CCDED62AFE795300D25AE0 /* assets */,
				C7CCDED52AFE794500D25AE0 /* UMLdiagrams */,
			);
			path = digrams;
			sourceTree = "<group>";
		};
		C7CCDED32AFE78F100D25AE0 /* requirements */ = {
			isa = PBXGroup;
			children = (
				C7CCDED42AFE791400D25AE0 /* README.md */,
			);
			path = requirements;
			sourceTree = "<group>";
		};
		C7CCDED52AFE794500D25AE0 /* UMLdiagrams */ = {
			isa = PBXGroup;
			children = (
				C7CCDEDB2AFE79D200D25AE0 /* usecase assets */,
				C7CCDED92AFE79B300D25AE0 /* state */,
				C7CCDED82AFE79AD00D25AE0 /* sequence */,
				C7CCDED72AFE79A300D25AE0 /* component */,
			);
			path = UMLdiagrams;
			sourceTree = "<group>";
		};
		C7CCDED62AFE795300D25AE0 /* assets */ = {
			isa = PBXGroup;
			children = (
				C735F1522AFEDABC00450948 /* classDiagram.png */,
				C735F1502AFEDA3E00450948 /* usecase.png */,
				C735F14E2AFEDA3100450948 /* conditionDiagramm.png */,
				C735F1472AFEDA1700450948 /* addCardActivity.png */,
				C735F1482AFEDA1700450948 /* expenseActivity.png */,
				C735F1462AFEDA1700450948 /* incomeActivity.png */,
				C735F1492AFEDA1700450948 /* statisticsActivity.png */,
			);
			path = assets;
			sourceTree = "<group>";
		};
		C7CCDED72AFE79A300D25AE0 /* component */ = {
			isa = PBXGroup;
			children = (
				C735F16C2AFEDB6800450948 /* components.puml */,
				C7CCDEDC2AFE79FD00D25AE0 /* assets */,
			);
			path = component;
			sourceTree = "<group>";
		};
		C7CCDED82AFE79AD00D25AE0 /* sequence */ = {
			isa = PBXGroup;
			children = (
				C735F15E2AFEDB4000450948 /* addCardActivity.puml */,
				C735F15C2AFEDB4000450948 /* expenseActivity.puml */,
				C735F15F2AFEDB4000450948 /* incomeActivity.puml */,
				C735F15D2AFEDB4000450948 /* statisticsActivity.puml */,
				C7CCDEE12AFE81D100D25AE0 /* assets */,
				C735F1702AFEDCB100450948 /* prprpr.swift */,
			);
			path = sequence;
			sourceTree = "<group>";
		};
		C7CCDED92AFE79B300D25AE0 /* state */ = {
			isa = PBXGroup;
			children = (
				C735F1582AFEDB2500450948 /* conditionDiagram.puml */,
				C7CCDF072AFE86CA00D25AE0 /* assets */,
			);
			path = state;
			sourceTree = "<group>";
		};
		C7CCDEDB2AFE79D200D25AE0 /* usecase assets */ = {
			isa = PBXGroup;
			children = (
				C735F1542AFEDADC00450948 /* useVariantsDiagram.puml */,
				C7CCDF042AFE867A00D25AE0 /* assets */,
			);
			path = "usecase assets";
			sourceTree = "<group>";
		};
		C7CCDEDC2AFE79FD00D25AE0 /* assets */ = {
			isa = PBXGroup;
			children = (
				C735F16E2AFEDB9700450948 /* components.png */,
			);
			path = assets;
			sourceTree = "<group>";
		};
		C7CCDEE12AFE81D100D25AE0 /* assets */ = {
			isa = PBXGroup;
			children = (
				C735F1662AFEDB4C00450948 /* addCardActivity.png */,
				C735F1642AFEDB4C00450948 /* expenseActivity.png */,
				C735F1672AFEDB4C00450948 /* incomeActivity.png */,
				C735F1652AFEDB4C00450948 /* statisticsActivity.png */,
			);
			path = assets;
			sourceTree = "<group>";
		};
		C7CCDF042AFE867A00D25AE0 /* assets */ = {
			isa = PBXGroup;
			children = (
				C735F1562AFEDB0E00450948 /* usecase.png */,
			);
			path = assets;
			sourceTree = "<group>";
		};
		C7CCDF072AFE86CA00D25AE0 /* assets */ = {
			isa = PBXGroup;
			children = (
				C735F15A2AFEDB3500450948 /* conditionDiagramm.png */,
			);
			path = assets;
			sourceTree = "<group>";
		};
		C7E512052AEB1A4700140B1E = {
			isa = PBXGroup;
			children = (
				C7CCDECE2AFE63E100D25AE0 /* documentation */,
				C7E512202AEB2F4700140B1E /* art */,
				C7E512102AEB1A4800140B1E /* Wallety */,
				C78DD45A2AEEC4CB00DE58B8 /* WalletyUITests */,
				C78DD4682AEEC4EB00DE58B8 /* WalletyTests */,
				C7E5120F2AEB1A4800140B1E /* Products */,
			);
			sourceTree = "<group>";
		};
		C7E5120F2AEB1A4800140B1E /* Products */ = {
			isa = PBXGroup;
			children = (
				C7E5120E2AEB1A4800140B1E /* Wallety.app */,
				C78DD4592AEEC4CA00DE58B8 /* WalletyUITests.xctest */,
				C78DD4672AEEC4EB00DE58B8 /* WalletyTests.xctest */,
			);
			name = Products;
			sourceTree = "<group>";
		};
		C7E512102AEB1A4800140B1E /* Wallety */ = {
			isa = PBXGroup;
			children = (
				C78DD4762AEEC5C300DE58B8 /* UICommon */,
				C78DD4752AEEC5B400DE58B8 /* Common */,
				C78DD4742AEEC5AD00DE58B8 /* Model */,
				C78DD4732AEEC58100DE58B8 /* ViewModel */,
				C78DD4722AEEC55C00DE58B8 /* View */,
				C78DD4712AEEC53500DE58B8 /* Font */,
				C7E512112AEB1A4800140B1E /* WalletyApp.swift */,
				C7E512132AEB1A4800140B1E /* ContentView.swift */,
				C7E512152AEB1A4D00140B1E /* Assets.xcassets */,
				C7E5121A2AEB1A4D00140B1E /* Info.plist */,
				C7E512172AEB1A4D00140B1E /* Preview Content */,
			);
			path = Wallety;
			sourceTree = "<group>";
		};
		C7E512172AEB1A4D00140B1E /* Preview Content */ = {
			isa = PBXGroup;
			children = (
				C7E512182AEB1A4D00140B1E /* Preview Assets.xcassets */,
			);
			path = "Preview Content";
			sourceTree = "<group>";
		};
		C7E512202AEB2F4700140B1E /* art */ = {
			isa = PBXGroup;
			children = (
				C7E512282AEB2FAD00140B1E /* CategoriesScreen.png */,
				C7E512272AEB2FAD00140B1E /* DiagramScreen.png */,
				C7E5122A2AEB2FAE00140B1E /* HomeScreen-1.png */,
				C774539D2AEBEE2C0095EF4B /* LockScreen-1.png */,
				C7E512292AEB2FAE00140B1E /* HomeScreen.png */,
				C7E512262AEB2FAD00140B1E /* LockScreen-2.png */,
				C7E512242AEB2FAD00140B1E /* LockScreen.png */,
				C7E512252AEB2FAD00140B1E /* SettingsScreen.png */,
				C7E512212AEB2F8300140B1E /* ChangeBalance.png */,
			);
			path = art;
			sourceTree = "<group>";
		};
/* End PBXGroup section */

/* Begin PBXNativeTarget section */
		C78DD4582AEEC4CA00DE58B8 /* WalletyUITests */ = {
			isa = PBXNativeTarget;
			buildConfigurationList = C78DD4622AEEC4CC00DE58B8 /* Build configuration list for PBXNativeTarget "WalletyUITests" */;
			buildPhases = (
				C78DD4552AEEC4CA00DE58B8 /* Sources */,
				C78DD4562AEEC4CA00DE58B8 /* Frameworks */,
				C78DD4572AEEC4CA00DE58B8 /* Resources */,
			);
			buildRules = (
			);
			dependencies = (
				C78DD45F2AEEC4CB00DE58B8 /* PBXTargetDependency */,
			);
			name = WalletyUITests;
			productName = WalletyUITests;
			productReference = C78DD4592AEEC4CA00DE58B8 /* WalletyUITests.xctest */;
			productType = "com.apple.product-type.bundle.ui-testing";
		};
		C78DD4662AEEC4EB00DE58B8 /* WalletyTests */ = {
			isa = PBXNativeTarget;
			buildConfigurationList = C78DD46E2AEEC4EB00DE58B8 /* Build configuration list for PBXNativeTarget "WalletyTests" */;
			buildPhases = (
				C78DD4632AEEC4EB00DE58B8 /* Sources */,
				C78DD4642AEEC4EB00DE58B8 /* Frameworks */,
				C78DD4652AEEC4EB00DE58B8 /* Resources */,
			);
			buildRules = (
			);
			dependencies = (
				C78DD46D2AEEC4EB00DE58B8 /* PBXTargetDependency */,
			);
			name = WalletyTests;
			productName = WalletyTests;
			productReference = C78DD4672AEEC4EB00DE58B8 /* WalletyTests.xctest */;
			productType = "com.apple.product-type.bundle.unit-test";
		};
		C7E5120D2AEB1A4800140B1E /* Wallety */ = {
			isa = PBXNativeTarget;
			buildConfigurationList = C7E5121D2AEB1A4D00140B1E /* Build configuration list for PBXNativeTarget "Wallety" */;
			buildPhases = (
				C7E5120A2AEB1A4800140B1E /* Sources */,
				C7E5120B2AEB1A4800140B1E /* Frameworks */,
				C7E5120C2AEB1A4800140B1E /* Resources */,
			);
			buildRules = (
			);
			dependencies = (
			);
			name = Wallety;
			productName = Wallety;
			productReference = C7E5120E2AEB1A4800140B1E /* Wallety.app */;
			productType = "com.apple.product-type.application";
		};
/* End PBXNativeTarget section */

/* Begin PBXProject section */
		C7E512062AEB1A4700140B1E /* Project object */ = {
			isa = PBXProject;
			attributes = {
				LastSwiftUpdateCheck = 1250;
				LastUpgradeCheck = 1250;
				TargetAttributes = {
					C78DD4582AEEC4CA00DE58B8 = {
						CreatedOnToolsVersion = 12.5.1;
						TestTargetID = C7E5120D2AEB1A4800140B1E;
					};
					C78DD4662AEEC4EB00DE58B8 = {
						CreatedOnToolsVersion = 12.5.1;
						TestTargetID = C7E5120D2AEB1A4800140B1E;
					};
					C7E5120D2AEB1A4800140B1E = {
						CreatedOnToolsVersion = 12.5.1;
					};
				};
			};
			buildConfigurationList = C7E512092AEB1A4700140B1E /* Build configuration list for PBXProject "Wallety" */;
			compatibilityVersion = "Xcode 9.3";
			developmentRegion = en;
			hasScannedForEncodings = 0;
			knownRegions = (
				en,
				Base,
			);
			mainGroup = C7E512052AEB1A4700140B1E;
			productRefGroup = C7E5120F2AEB1A4800140B1E /* Products */;
			projectDirPath = "";
			projectRoot = "";
			targets = (
				C7E5120D2AEB1A4800140B1E /* Wallety */,
				C78DD4582AEEC4CA00DE58B8 /* WalletyUITests */,
				C78DD4662AEEC4EB00DE58B8 /* WalletyTests */,
			);
		};
/* End PBXProject section */

/* Begin PBXResourcesBuildPhase section */
		C78DD4572AEEC4CA00DE58B8 /* Resources */ = {
			isa = PBXResourcesBuildPhase;
			buildActionMask = 2147483647;
			files = (
			);
			runOnlyForDeploymentPostprocessing = 0;
		};
		C78DD4652AEEC4EB00DE58B8 /* Resources */ = {
			isa = PBXResourcesBuildPhase;
			buildActionMask = 2147483647;
			files = (
			);
			runOnlyForDeploymentPostprocessing = 0;
		};
		C7E5120C2AEB1A4800140B1E /* Resources */ = {
			isa = PBXResourcesBuildPhase;
			buildActionMask = 2147483647;
			files = (
				C7E512192AEB1A4D00140B1E /* Preview Assets.xcassets in Resources */,
				C735F1552AFEDADC00450948 /* useVariantsDiagram.puml in Resources */,
				C735F16D2AFEDB6800450948 /* components.puml in Resources */,
				C735F14F2AFEDA3100450948 /* conditionDiagramm.png in Resources */,
				C7E512302AEB2FAE00140B1E /* CategoriesScreen.png in Resources */,
				C7E512312AEB2FAE00140B1E /* HomeScreen.png in Resources */,
				C735F14B2AFEDA1700450948 /* addCardActivity.png in Resources */,
				C735F16F2AFEDB9700450948 /* components.png in Resources */,
				C7E5122F2AEB2FAE00140B1E /* DiagramScreen.png in Resources */,
				C735F1532AFEDABC00450948 /* classDiagram.png in Resources */,
				C735F1682AFEDB4C00450948 /* expenseActivity.png in Resources */,
				C735F16A2AFEDB4C00450948 /* addCardActivity.png in Resources */,
				C735F1692AFEDB4C00450948 /* statisticsActivity.png in Resources */,
				C735F14D2AFEDA1700450948 /* statisticsActivity.png in Resources */,
				C735F15B2AFEDB3500450948 /* conditionDiagramm.png in Resources */,
				C7E512222AEB2F8300140B1E /* ChangeBalance.png in Resources */,
				C735F1612AFEDB4000450948 /* statisticsActivity.puml in Resources */,
				C735F16B2AFEDB4C00450948 /* incomeActivity.png in Resources */,
				C735F1592AFEDB2500450948 /* conditionDiagram.puml in Resources */,
				C735F1632AFEDB4000450948 /* incomeActivity.puml in Resources */,
				C7E5122D2AEB2FAE00140B1E /* SettingsScreen.png in Resources */,
				C735F14C2AFEDA1700450948 /* expenseActivity.png in Resources */,
				C735F1622AFEDB4000450948 /* addCardActivity.puml in Resources */,
				C7E5122C2AEB2FAE00140B1E /* LockScreen.png in Resources */,
				C7E512162AEB1A4D00140B1E /* Assets.xcassets in Resources */,
				C7E512322AEB2FAE00140B1E /* HomeScreen-1.png in Resources */,
				C735F1572AFEDB0E00450948 /* usecase.png in Resources */,
				C735F14A2AFEDA1700450948 /* incomeActivity.png in Resources */,
				C735F1602AFEDB4000450948 /* expenseActivity.puml in Resources */,
				C735F1512AFEDA3E00450948 /* usecase.png in Resources */,
				C774539E2AEBEE2C0095EF4B /* LockScreen-1.png in Resources */,
				C7E5122E2AEB2FAE00140B1E /* LockScreen-2.png in Resources */,
			);
			runOnlyForDeploymentPostprocessing = 0;
		};
/* End PBXResourcesBuildPhase section */

/* Begin PBXSourcesBuildPhase section */
		C78DD4552AEEC4CA00DE58B8 /* Sources */ = {
			isa = PBXSourcesBuildPhase;
			buildActionMask = 2147483647;
			files = (
				C78DD45C2AEEC4CB00DE58B8 /* WalletyUITests.swift in Sources */,
			);
			runOnlyForDeploymentPostprocessing = 0;
		};
		C78DD4632AEEC4EB00DE58B8 /* Sources */ = {
			isa = PBXSourcesBuildPhase;
			buildActionMask = 2147483647;
			files = (
				C78DD46A2AEEC4EB00DE58B8 /* WalletyTests.swift in Sources */,
			);
			runOnlyForDeploymentPostprocessing = 0;
		};
		C7E5120A2AEB1A4800140B1E /* Sources */ = {
			isa = PBXSourcesBuildPhase;
			buildActionMask = 2147483647;
			files = (
				C7E512142AEB1A4800140B1E /* ContentView.swift in Sources */,
				C735F1712AFEDCB100450948 /* prprpr.swift in Sources */,
				C7E512122AEB1A4800140B1E /* WalletyApp.swift in Sources */,
			);
			runOnlyForDeploymentPostprocessing = 0;
		};
/* End PBXSourcesBuildPhase section */

/* Begin PBXTargetDependency section */
		C78DD45F2AEEC4CB00DE58B8 /* PBXTargetDependency */ = {
			isa = PBXTargetDependency;
			target = C7E5120D2AEB1A4800140B1E /* Wallety */;
			targetProxy = C78DD45E2AEEC4CB00DE58B8 /* PBXContainerItemProxy */;
		};
		C78DD46D2AEEC4EB00DE58B8 /* PBXTargetDependency */ = {
			isa = PBXTargetDependency;
			target = C7E5120D2AEB1A4800140B1E /* Wallety */;
			targetProxy = C78DD46C2AEEC4EB00DE58B8 /* PBXContainerItemProxy */;
		};
/* End PBXTargetDependency section */

/* Begin XCBuildConfiguration section */
		C78DD4602AEEC4CC00DE58B8 /* Debug */ = {
			isa = XCBuildConfiguration;
			buildSettings = {
				CODE_SIGN_STYLE = Automatic;
				DEVELOPMENT_TEAM = TL9P273R5U;
				INFOPLIST_FILE = WalletyUITests/Info.plist;
				LD_RUNPATH_SEARCH_PATHS = (
					"$(inherited)",
					"@executable_path/Frameworks",
					"@loader_path/Frameworks",
				);
				PRODUCT_BUNDLE_IDENTIFIER = PiotrSharai.WalletyUITests;
				PRODUCT_NAME = "$(TARGET_NAME)";
				SWIFT_VERSION = 5.0;
				TARGETED_DEVICE_FAMILY = "1,2";
				TEST_TARGET_NAME = Wallety;
			};
			name = Debug;
		};
		C78DD4612AEEC4CC00DE58B8 /* Release */ = {
			isa = XCBuildConfiguration;
			buildSettings = {
				CODE_SIGN_STYLE = Automatic;
				DEVELOPMENT_TEAM = TL9P273R5U;
				INFOPLIST_FILE = WalletyUITests/Info.plist;
				LD_RUNPATH_SEARCH_PATHS = (
					"$(inherited)",
					"@executable_path/Frameworks",
					"@loader_path/Frameworks",
				);
				PRODUCT_BUNDLE_IDENTIFIER = PiotrSharai.WalletyUITests;
				PRODUCT_NAME = "$(TARGET_NAME)";
				SWIFT_VERSION = 5.0;
				TARGETED_DEVICE_FAMILY = "1,2";
				TEST_TARGET_NAME = Wallety;
			};
			name = Release;
		};
		C78DD46F2AEEC4EB00DE58B8 /* Debug */ = {
			isa = XCBuildConfiguration;
			buildSettings = {
				BUNDLE_LOADER = "$(TEST_HOST)";
				CODE_SIGN_STYLE = Automatic;
				DEVELOPMENT_TEAM = TL9P273R5U;
				INFOPLIST_FILE = WalletyTests/Info.plist;
				LD_RUNPATH_SEARCH_PATHS = (
					"$(inherited)",
					"@executable_path/Frameworks",
					"@loader_path/Frameworks",
				);
				PRODUCT_BUNDLE_IDENTIFIER = PiotrSharai.WalletyTests;
				PRODUCT_NAME = "$(TARGET_NAME)";
				SWIFT_VERSION = 5.0;
				TARGETED_DEVICE_FAMILY = "1,2";
				TEST_HOST = "$(BUILT_PRODUCTS_DIR)/Wallety.app/Wallety";
			};
			name = Debug;
		};
		C78DD4702AEEC4EB00DE58B8 /* Release */ = {
			isa = XCBuildConfiguration;
			buildSettings = {
				BUNDLE_LOADER = "$(TEST_HOST)";
				CODE_SIGN_STYLE = Automatic;
				DEVELOPMENT_TEAM = TL9P273R5U;
				INFOPLIST_FILE = WalletyTests/Info.plist;
				LD_RUNPATH_SEARCH_PATHS = (
					"$(inherited)",
					"@executable_path/Frameworks",
					"@loader_path/Frameworks",
				);
				PRODUCT_BUNDLE_IDENTIFIER = PiotrSharai.WalletyTests;
				PRODUCT_NAME = "$(TARGET_NAME)";
				SWIFT_VERSION = 5.0;
				TARGETED_DEVICE_FAMILY = "1,2";
				TEST_HOST = "$(BUILT_PRODUCTS_DIR)/Wallety.app/Wallety";
			};
			name = Release;
		};
		C7E5121B2AEB1A4D00140B1E /* Debug */ = {
			isa = XCBuildConfiguration;
			buildSettings = {
				ALWAYS_SEARCH_USER_PATHS = NO;
				CLANG_ANALYZER_NONNULL = YES;
				CLANG_ANALYZER_NUMBER_OBJECT_CONVERSION = YES_AGGRESSIVE;
				CLANG_CXX_LANGUAGE_STANDARD = "gnu++14";
				CLANG_CXX_LIBRARY = "libc++";
				CLANG_ENABLE_MODULES = YES;
				CLANG_ENABLE_OBJC_ARC = YES;
				CLANG_ENABLE_OBJC_WEAK = YES;
				CLANG_WARN_BLOCK_CAPTURE_AUTORELEASING = YES;
				CLANG_WARN_BOOL_CONVERSION = YES;
				CLANG_WARN_COMMA = YES;
				CLANG_WARN_CONSTANT_CONVERSION = YES;
				CLANG_WARN_DEPRECATED_OBJC_IMPLEMENTATIONS = YES;
				CLANG_WARN_DIRECT_OBJC_ISA_USAGE = YES_ERROR;
				CLANG_WARN_DOCUMENTATION_COMMENTS = YES;
				CLANG_WARN_EMPTY_BODY = YES;
				CLANG_WARN_ENUM_CONVERSION = YES;
				CLANG_WARN_INFINITE_RECURSION = YES;
				CLANG_WARN_INT_CONVERSION = YES;
				CLANG_WARN_NON_LITERAL_NULL_CONVERSION = YES;
				CLANG_WARN_OBJC_IMPLICIT_RETAIN_SELF = YES;
				CLANG_WARN_OBJC_LITERAL_CONVERSION = YES;
				CLANG_WARN_OBJC_ROOT_CLASS = YES_ERROR;
				CLANG_WARN_QUOTED_INCLUDE_IN_FRAMEWORK_HEADER = YES;
				CLANG_WARN_RANGE_LOOP_ANALYSIS = YES;
				CLANG_WARN_STRICT_PROTOTYPES = YES;
				CLANG_WARN_SUSPICIOUS_MOVE = YES;
				CLANG_WARN_UNGUARDED_AVAILABILITY = YES_AGGRESSIVE;
				CLANG_WARN_UNREACHABLE_CODE = YES;
				CLANG_WARN__DUPLICATE_METHOD_MATCH = YES;
				COPY_PHASE_STRIP = NO;
				DEBUG_INFORMATION_FORMAT = dwarf;
				ENABLE_STRICT_OBJC_MSGSEND = YES;
				ENABLE_TESTABILITY = YES;
				GCC_C_LANGUAGE_STANDARD = gnu11;
				GCC_DYNAMIC_NO_PIC = NO;
				GCC_NO_COMMON_BLOCKS = YES;
				GCC_OPTIMIZATION_LEVEL = 0;
				GCC_PREPROCESSOR_DEFINITIONS = (
					"DEBUG=1",
					"$(inherited)",
				);
				GCC_WARN_64_TO_32_BIT_CONVERSION = YES;
				GCC_WARN_ABOUT_RETURN_TYPE = YES_ERROR;
				GCC_WARN_UNDECLARED_SELECTOR = YES;
				GCC_WARN_UNINITIALIZED_AUTOS = YES_AGGRESSIVE;
				GCC_WARN_UNUSED_FUNCTION = YES;
				GCC_WARN_UNUSED_VARIABLE = YES;
				IPHONEOS_DEPLOYMENT_TARGET = 14.5;
				MTL_ENABLE_DEBUG_INFO = INCLUDE_SOURCE;
				MTL_FAST_MATH = YES;
				ONLY_ACTIVE_ARCH = YES;
				SDKROOT = iphoneos;
				SWIFT_ACTIVE_COMPILATION_CONDITIONS = DEBUG;
				SWIFT_OPTIMIZATION_LEVEL = "-Onone";
			};
			name = Debug;
		};
		C7E5121C2AEB1A4D00140B1E /* Release */ = {
			isa = XCBuildConfiguration;
			buildSettings = {
				ALWAYS_SEARCH_USER_PATHS = NO;
				CLANG_ANALYZER_NONNULL = YES;
				CLANG_ANALYZER_NUMBER_OBJECT_CONVERSION = YES_AGGRESSIVE;
				CLANG_CXX_LANGUAGE_STANDARD = "gnu++14";
				CLANG_CXX_LIBRARY = "libc++";
				CLANG_ENABLE_MODULES = YES;
				CLANG_ENABLE_OBJC_ARC = YES;
				CLANG_ENABLE_OBJC_WEAK = YES;
				CLANG_WARN_BLOCK_CAPTURE_AUTORELEASING = YES;
				CLANG_WARN_BOOL_CONVERSION = YES;
				CLANG_WARN_COMMA = YES;
				CLANG_WARN_CONSTANT_CONVERSION = YES;
				CLANG_WARN_DEPRECATED_OBJC_IMPLEMENTATIONS = YES;
				CLANG_WARN_DIRECT_OBJC_ISA_USAGE = YES_ERROR;
				CLANG_WARN_DOCUMENTATION_COMMENTS = YES;
				CLANG_WARN_EMPTY_BODY = YES;
				CLANG_WARN_ENUM_CONVERSION = YES;
				CLANG_WARN_INFINITE_RECURSION = YES;
				CLANG_WARN_INT_CONVERSION = YES;
				CLANG_WARN_NON_LITERAL_NULL_CONVERSION = YES;
				CLANG_WARN_OBJC_IMPLICIT_RETAIN_SELF = YES;
				CLANG_WARN_OBJC_LITERAL_CONVERSION = YES;
				CLANG_WARN_OBJC_ROOT_CLASS = YES_ERROR;
				CLANG_WARN_QUOTED_INCLUDE_IN_FRAMEWORK_HEADER = YES;
				CLANG_WARN_RANGE_LOOP_ANALYSIS = YES;
				CLANG_WARN_STRICT_PROTOTYPES = YES;
				CLANG_WARN_SUSPICIOUS_MOVE = YES;
				CLANG_WARN_UNGUARDED_AVAILABILITY = YES_AGGRESSIVE;
				CLANG_WARN_UNREACHABLE_CODE = YES;
				CLANG_WARN__DUPLICATE_METHOD_MATCH = YES;
				COPY_PHASE_STRIP = NO;
				DEBUG_INFORMATION_FORMAT = "dwarf-with-dsym";
				ENABLE_NS_ASSERTIONS = NO;
				ENABLE_STRICT_OBJC_MSGSEND = YES;
				GCC_C_LANGUAGE_STANDARD = gnu11;
				GCC_NO_COMMON_BLOCKS = YES;
				GCC_WARN_64_TO_32_BIT_CONVERSION = YES;
				GCC_WARN_ABOUT_RETURN_TYPE = YES_ERROR;
				GCC_WARN_UNDECLARED_SELECTOR = YES;
				GCC_WARN_UNINITIALIZED_AUTOS = YES_AGGRESSIVE;
				GCC_WARN_UNUSED_FUNCTION = YES;
				GCC_WARN_UNUSED_VARIABLE = YES;
				IPHONEOS_DEPLOYMENT_TARGET = 14.5;
				MTL_ENABLE_DEBUG_INFO = NO;
				MTL_FAST_MATH = YES;
				SDKROOT = iphoneos;
				SWIFT_COMPILATION_MODE = wholemodule;
				SWIFT_OPTIMIZATION_LEVEL = "-O";
				VALIDATE_PRODUCT = YES;
			};
			name = Release;
		};
		C7E5121E2AEB1A4D00140B1E /* Debug */ = {
			isa = XCBuildConfiguration;
			buildSettings = {
				ASSETCATALOG_COMPILER_APPICON_NAME = AppIcon;
				ASSETCATALOG_COMPILER_GLOBAL_ACCENT_COLOR_NAME = AccentColor;
				CODE_SIGN_STYLE = Automatic;
				DEVELOPMENT_ASSET_PATHS = "\"Wallety/Preview Content\"";
				DEVELOPMENT_TEAM = TL9P273R5U;
				ENABLE_PREVIEWS = YES;
				INFOPLIST_FILE = Wallety/Info.plist;
				IPHONEOS_DEPLOYMENT_TARGET = 14.0;
				LD_RUNPATH_SEARCH_PATHS = (
					"$(inherited)",
					"@executable_path/Frameworks",
				);
				PRODUCT_BUNDLE_IDENTIFIER = PiotrSharai.Wallety;
				PRODUCT_NAME = "$(TARGET_NAME)";
				SWIFT_VERSION = 5.0;
				TARGETED_DEVICE_FAMILY = "1,2";
			};
			name = Debug;
		};
		C7E5121F2AEB1A4D00140B1E /* Release */ = {
			isa = XCBuildConfiguration;
			buildSettings = {
				ASSETCATALOG_COMPILER_APPICON_NAME = AppIcon;
				ASSETCATALOG_COMPILER_GLOBAL_ACCENT_COLOR_NAME = AccentColor;
				CODE_SIGN_STYLE = Automatic;
				DEVELOPMENT_ASSET_PATHS = "\"Wallety/Preview Content\"";
				DEVELOPMENT_TEAM = TL9P273R5U;
				ENABLE_PREVIEWS = YES;
				INFOPLIST_FILE = Wallety/Info.plist;
				IPHONEOS_DEPLOYMENT_TARGET = 14.0;
				LD_RUNPATH_SEARCH_PATHS = (
					"$(inherited)",
					"@executable_path/Frameworks",
				);
				PRODUCT_BUNDLE_IDENTIFIER = PiotrSharai.Wallety;
				PRODUCT_NAME = "$(TARGET_NAME)";
				SWIFT_VERSION = 5.0;
				TARGETED_DEVICE_FAMILY = "1,2";
			};
			name = Release;
		};
/* End XCBuildConfiguration section */

/* Begin XCConfigurationList section */
		C78DD4622AEEC4CC00DE58B8 /* Build configuration list for PBXNativeTarget "WalletyUITests" */ = {
			isa = XCConfigurationList;
			buildConfigurations = (
				C78DD4602AEEC4CC00DE58B8 /* Debug */,
				C78DD4612AEEC4CC00DE58B8 /* Release */,
			);
			defaultConfigurationIsVisible = 0;
			defaultConfigurationName = Release;
		};
		C78DD46E2AEEC4EB00DE58B8 /* Build configuration list for PBXNativeTarget "WalletyTests" */ = {
			isa = XCConfigurationList;
			buildConfigurations = (
				C78DD46F2AEEC4EB00DE58B8 /* Debug */,
				C78DD4702AEEC4EB00DE58B8 /* Release */,
			);
			defaultConfigurationIsVisible = 0;
			defaultConfigurationName = Release;
		};
		C7E512092AEB1A4700140B1E /* Build configuration list for PBXProject "Wallety" */ = {
			isa = XCConfigurationList;
			buildConfigurations = (
				C7E5121B2AEB1A4D00140B1E /* Debug */,
				C7E5121C2AEB1A4D00140B1E /* Release */,
			);
			defaultConfigurationIsVisible = 0;
			defaultConfigurationName = Release;
		};
		C7E5121D2AEB1A4D00140B1E /* Build configuration list for PBXNativeTarget "Wallety" */ = {
			isa = XCConfigurationList;
			buildConfigurations = (
				C7E5121E2AEB1A4D00140B1E /* Debug */,
				C7E5121F2AEB1A4D00140B1E /* Release */,
			);
			defaultConfigurationIsVisible = 0;
			defaultConfigurationName = Release;
		};
/* End XCConfigurationList section */
	};
	rootObject = C7E512062AEB1A4700140B1E /* Project object */;
}
